
Microsoft Visual Studio Solution File, Format Version 12.00
# Visual Studio 15
VisualStudioVersion = 15.0.25807.0
MinimumVisualStudioVersion = 10.0.40219.1
Project("{2150E333-8FDC-42A3-9474-1A3956D46DE8}") = "Engine", "Engine", "{FEDCFA5C-C6A9-4278-AC83-46FDCA7C14C3}"
EndProject
Project("{2150E333-8FDC-42A3-9474-1A3956D46DE8}") = "Games", "Games", "{CEEABAF2-5109-4E7D-BE72-FF79F6A6ED86}"
EndProject
Project("{8BC9CEB8-8B4A-11D0-8D11-00A0C91BC942}") = "UE4", "Intermediate\ProjectFiles\UE4.vcxproj", "{AA6B700A-3163-49BB-9B8C-4AE5C6CC9442}"
EndProject
Project("{8BC9CEB8-8B4A-11D0-8D11-00A0C91BC942}") = "JSon_Plugin", "Intermediate\ProjectFiles\JSon_Plugin.vcxproj", "{76A36A92-72C0-4FA5-B118-B8ECB13046F3}"
EndProject
Project("{2150E333-8FDC-42A3-9474-1A3956D46DE8}") = "Visualizers", "Visualizers", "{9EE0E916-889C-4BFE-9DB3-FB4BB420A10F}"
	ProjectSection(SolutionItems) = preProject
		..\..\..\..\..\Program Files\Epic Games\UE_4.24\Engine\Extras\VisualStudioDebugging\UE4.natvis = ..\..\..\..\..\Program Files\Epic Games\UE_4.24\Engine\Extras\VisualStudioDebugging\UE4.natvis
	EndProjectSection
EndProject
Global
	GlobalSection(SolutionConfigurationPlatforms) = preSolution
		DebugGame Editor|Win32 = DebugGame Editor|Win32
		DebugGame Editor|Win64 = DebugGame Editor|Win64
		DebugGame|Win32 = DebugGame|Win32
		DebugGame|Win64 = DebugGame|Win64
		Development Editor|Win32 = Development Editor|Win32
		Development Editor|Win64 = Development Editor|Win64
		Development|Win32 = Development|Win32
		Development|Win64 = Development|Win64
		Shipping|Win32 = Shipping|Win32
		Shipping|Win64 = Shipping|Win64
	EndGlobalSection
	GlobalSection(ProjectConfigurationPlatforms) = postSolution
		{AA6B700A-3163-49BB-9B8C-4AE5C6CC9442}.DebugGame Editor|Win32.ActiveCfg = BuiltWithUnrealBuildTool|Win32
		{AA6B700A-3163-49BB-9B8C-4AE5C6CC9442}.DebugGame Editor|Win64.ActiveCfg = BuiltWithUnrealBuildTool|Win32
		{AA6B700A-3163-49BB-9B8C-4AE5C6CC9442}.DebugGame|Win32.ActiveCfg = BuiltWithUnrealBuildTool|Win32
		{AA6B700A-3163-49BB-9B8C-4AE5C6CC9442}.DebugGame|Win64.ActiveCfg = BuiltWithUnrealBuildTool|Win32
		{AA6B700A-3163-49BB-9B8C-4AE5C6CC9442}.Development Editor|Win32.ActiveCfg = BuiltWithUnrealBuildTool|Win32
		{AA6B700A-3163-49BB-9B8C-4AE5C6CC9442}.Development Editor|Win64.ActiveCfg = BuiltWithUnrealBuildTool|Win32
		{AA6B700A-3163-49BB-9B8C-4AE5C6CC9442}.Development|Win32.ActiveCfg = BuiltWithUnrealBuildTool|Win32
		{AA6B700A-3163-49BB-9B8C-4AE5C6CC9442}.Development|Win64.ActiveCfg = BuiltWithUnrealBuildTool|Win32
		{AA6B700A-3163-49BB-9B8C-4AE5C6CC9442}.Shipping|Win32.ActiveCfg = BuiltWithUnrealBuildTool|Win32
		{AA6B700A-3163-49BB-9B8C-4AE5C6CC9442}.Shipping|Win64.ActiveCfg = BuiltWithUnrealBuildTool|Win32
		{76A36A92-72C0-4FA5-B118-B8ECB13046F3}.DebugGame Editor|Win32.ActiveCfg = Invalid|Win32
		{76A36A92-72C0-4FA5-B118-B8ECB13046F3}.DebugGame Editor|Win64.ActiveCfg = DebugGame_Editor|x64
		{76A36A92-72C0-4FA5-B118-B8ECB13046F3}.DebugGame Editor|Win64.Build.0 = DebugGame_Editor|x64
		{76A36A92-72C0-4FA5-B118-B8ECB13046F3}.DebugGame|Win32.ActiveCfg = DebugGame|Win32
		{76A36A92-72C0-4FA5-B118-B8ECB13046F3}.DebugGame|Win32.Build.0 = DebugGame|Win32
		{76A36A92-72C0-4FA5-B118-B8ECB13046F3}.DebugGame|Win64.ActiveCfg = DebugGame|x64
		{76A36A92-72C0-4FA5-B118-B8ECB13046F3}.DebugGame|Win64.Build.0 = DebugGame|x64
		{76A36A92-72C0-4FA5-B118-B8ECB13046F3}.Development Editor|Win32.ActiveCfg = Invalid|Win32
		{76A36A92-72C0-4FA5-B118-B8ECB13046F3}.Development Editor|Win64.ActiveCfg = Development_Editor|x64
		{76A36A92-72C0-4FA5-B118-B8ECB13046F3}.Development Editor|Win64.Build.0 = Development_Editor|x64
		{76A36A92-72C0-4FA5-B118-B8ECB13046F3}.Development|Win32.ActiveCfg = Development|Win32
		{76A36A92-72C0-4FA5-B118-B8ECB13046F3}.Development|Win32.Build.0 = Development|Win32
		{76A36A92-72C0-4FA5-B118-B8ECB13046F3}.Development|Win64.ActiveCfg = Development|x64
		{76A36A92-72C0-4FA5-B118-B8ECB13046F3}.Development|Win64.Build.0 = Development|x64
		{76A36A92-72C0-4FA5-B118-B8ECB13046F3}.Shipping|Win32.ActiveCfg = Shipping|Win32
		{76A36A92-72C0-4FA5-B118-B8ECB13046F3}.Shipping|Win32.Build.0 = Shipping|Win32
		{76A36A92-72C0-4FA5-B118-B8ECB13046F3}.Shipping|Win64.ActiveCfg = Shipping|x64
		{76A36A92-72C0-4FA5-B118-B8ECB13046F3}.Shipping|Win64.Build.0 = Shipping|x64
	EndGlobalSection
	GlobalSection(SolutionProperties) = preSolution
		HideSolutionNode = FALSE
	EndGlobalSection
	GlobalSection(NestedProjects) = preSolution
		{AA6B700A-3163-49BB-9B8C-4AE5C6CC9442} = {FEDCFA5C-C6A9-4278-AC83-46FDCA7C14C3}
		{76A36A92-72C0-4FA5-B118-B8ECB13046F3} = {CEEABAF2-5109-4E7D-BE72-FF79F6A6ED86}
	EndGlobalSection
EndGlobal
